
Microsoft Visual Studio Solution File, Format Version 12.00
# Visual Studio Version 16
VisualStudioVersion = 16.0.32106.194
MinimumVisualStudioVersion = 10.0.40219.1
Project("{13B669BE-BB05-4DDF-9536-439F39A36129}") = "GucciLuiers", "GucciLuiers.phpproj", "{3DAAA55A-7B2D-4E2A-966A-4DB38ACC59C9}"
EndProject
Global
	GlobalSection(SolutionConfigurationPlatforms) = preSolution
		Debug|Any CPU = Debug|Any CPU
		Release|Any CPU = Release|Any CPU
	EndGlobalSection
	GlobalSection(ProjectConfigurationPlatforms) = postSolution
		{3DAAA55A-7B2D-4E2A-966A-4DB38ACC59C9}.Debug|Any CPU.ActiveCfg = Debug|Any CPU
		{3DAAA55A-7B2D-4E2A-966A-4DB38ACC59C9}.Debug|Any CPU.Build.0 = Debug|Any CPU
		{3DAAA55A-7B2D-4E2A-966A-4DB38ACC59C9}.Release|Any CPU.ActiveCfg = Release|Any CPU
		{3DAAA55A-7B2D-4E2A-966A-4DB38ACC59C9}.Release|Any CPU.Build.0 = Release|Any CPU
	EndGlobalSection
	GlobalSection(SolutionProperties) = preSolution
		HideSolutionNode = FALSE
	EndGlobalSection
	GlobalSection(ExtensibilityGlobals) = postSolution
		SolutionGuid = {932F2EAC-FA6B-4F6E-865C-A4C2E63A88A1}
	EndGlobalSection
EndGlobal
